version = 1
revision = 3
requires-python = ">=3.14"
resolution-markers = [
    "platform_machine == 'x86_64' and sys_platform == 'linux'",
    "platform_machine == 'i686' and sys_platform == 'linux'",
    "platform_machine == 'aarch64' and sys_platform == 'linux'",
    "platform_machine == 'armv7l' and sys_platform == 'linux'",
    "platform_machine == 'ppc64le' and sys_platform == 'linux'",
    "platform_machine == 's390x' and sys_platform == 'linux'",
    "(platform_machine != 'aarch64' and platform_machine != 'armv7l' and platform_machine != 'i686' and platform_machine != 'ppc64le' and platform_machine != 's390x' and platform_machine != 'x86_64') or sys_platform != 'linux'",
]
required-markers = [
    "sys_platform == 'win32'",
    "sys_platform == 'linux'",
]

[[package]]
name = "cabarchive"
version = "0.2.5"
source = { registry = "https://pypi.org/simple" }
sdist = { url = "https://files.pythonhosted.org/packages/6c/1b/097ffa53a733fe9849afd62c22c3b4f133526a035ec050546689a083a73f/cabarchive-0.2.5.tar.gz", hash = "sha256:b508b1cad890857e55f3f7a2027ca7bedb9dc05de5eff07f8289f9546200a7aa", size = 22245, upload-time = "2026-02-10T11:23:05.953Z" }
wheels = [
    { url = "https://files.pythonhosted.org/packages/f8/f8/00c61b5e24958103f98989c6d9b916bf41528e58c4360e4ad40104fc9201/cabarchive-0.2.5-py3-none-any.whl", hash = "sha256:6d95d83145625898143d732dc0aa0443e53b4262fe9f282f3db5cdedfaf31e01", size = 28127, upload-time = "2026-02-10T11:23:04.403Z" },
]

[[package]]
name = "cx-freeze"
version = "8.5.3"
source = { registry = "https://pypi.org/simple" }
dependencies = [
    { name = "dmgbuild", marker = "sys_platform == 'darwin'" },
    { name = "filelock", marker = "sys_platform == 'linux'" },
    { name = "freeze-core" },
    { name = "lief", marker = "platform_machine != 'ARM64' and sys_platform == 'win32'" },
    { name = "packaging" },
    { name = "patchelf", marker = "(platform_machine == 'aarch64' and sys_platform == 'linux') or (platform_machine == 'armv7l' and sys_platform == 'linux') or (platform_machine == 'i686' and sys_platform == 'linux') or (platform_machine == 'ppc64le' and sys_platform == 'linux') or (platform_machine == 's390x' and sys_platform == 'linux') or (platform_machine == 'x86_64' and sys_platform == 'linux')" },
    { name = "python-msilib", marker = "sys_platform == 'win32'" },
    { name = "setuptools" },
]
sdist = { url = "https://files.pythonhosted.org/packages/9b/89/6423aa0756dae0465e244ddfe3fe1b69474ce6ae3d34feb093154983eb11/cx_freeze-8.5.3.tar.gz", hash = "sha256:772e41ada72467365342d521f42f124663db51882f6ba495bf88dec399dc6511", size = 1373867, upload-time = "2026-01-03T09:07:12.409Z" }
wheels = [
    { url = "https://files.pythonhosted.org/packages/a7/f0/994556fd23c1d5327448ae478d33d1d7cf73fa12840306dc786a42dbbb4b/cx_freeze-8.5.3-py3-none-any.whl", hash = "sha256:ceafd2ceaf38a93bb562d5d97028b20d12456d578fc47c3545827a3656f81437", size = 248076, upload-time = "2026-01-03T09:07:10.697Z" },
]

[[package]]
name = "dmgbuild"
version = "1.6.7"
source = { registry = "https://pypi.org/simple" }
dependencies = [
    { name = "ds-store", marker = "(platform_machine != 'aarch64' and platform_machine != 'armv7l' and platform_machine != 'i686' and platform_machine != 'ppc64le' and platform_machine != 's390x' and platform_machine != 'x86_64') or sys_platform != 'linux'" },
    { name = "mac-alias", marker = "(platform_machine != 'aarch64' and platform_machine != 'armv7l' and platform_machine != 'i686' and platform_machine != 'ppc64le' and platform_machine != 's390x' and platform_machine != 'x86_64') or sys_platform != 'linux'" },
]
sdist = { url = "https://files.pythonhosted.org/packages/a7/a5/f4dbd63c96902de8f2427a82518aaeedac0006587409294e55a14e45f367/dmgbuild-1.6.7.tar.gz", hash = "sha256:676b17acd448899f6d4a83b2184e0657480444ecb6ac9c4922889efad9e5dbfb", size = 36938, upload-time = "2026-01-15T23:13:43.779Z" }
wheels = [
    { url = "https://files.pythonhosted.org/packages/6c/4a/8812638bba991a55a4b670806ab9cf60207077401893bb308eb1b04f288c/dmgbuild-1.6.7-py3-none-any.whl", hash = "sha256:37ee5771c377beb3203d9164aae8046ffed8531c06edf9227f5788b3c599b1bf", size = 34853, upload-time = "2026-01-15T23:13:41.854Z" },
]

[[package]]
name = "ds-store"
version = "1.3.2"
source = { registry = "https://pypi.org/simple" }
dependencies = [
    { name = "mac-alias", marker = "(platform_machine != 'aarch64' and platform_machine != 'armv7l' and platform_machine != 'i686' and platform_machine != 'ppc64le' and platform_machine != 's390x' and platform_machine != 'x86_64') or sys_platform != 'linux'" },
]
sdist = { url = "https://files.pythonhosted.org/packages/e9/11/971e423750b219ec3f3a7f27dfb9bd74aef3d3fdfee6cc7df10a0217b5cd/ds_store-1.3.2.tar.gz", hash = "sha256:e4da49df901123481a85b9250945f2aac054a0f0c29352cd2cc858c536cdd364", size = 26574, upload-time = "2025-12-04T00:52:46.178Z" }
wheels = [
    { url = "https://files.pythonhosted.org/packages/03/83/7135cae57531edc070c73ea92b9129be0714323f5face6e15f415ca8ef52/ds_store-1.3.2-py3-none-any.whl", hash = "sha256:3b37332d9f8c18ff04c385d2933b66a1d84950071364f94bfc5f5a3ab1fb361e", size = 15928, upload-time = "2025-12-04T00:52:44.528Z" },
]

[[package]]
name = "filelock"
version = "3.20.3"
source = { registry = "https://pypi.org/simple" }
sdist = { url = "https://files.pythonhosted.org/packages/1d/65/ce7f1b70157833bf3cb851b556a37d4547ceafc158aa9b34b36782f23696/filelock-3.20.3.tar.gz", hash = "sha256:18c57ee915c7ec61cff0ecf7f0f869936c7c30191bb0cf406f1341778d0834e1", size = 19485, upload-time = "2026-01-09T17:55:05.421Z" }
wheels = [
    { url = "https://files.pythonhosted.org/packages/b5/36/7fb70f04bf00bc646cd5bb45aa9eddb15e19437a28b8fb2b4a5249fac770/filelock-3.20.3-py3-none-any.whl", hash = "sha256:4b0dda527ee31078689fc205ec4f1c1bf7d56cf88b6dc9426c4f230e46c2dce1", size = 16701, upload-time = "2026-01-09T17:55:04.334Z" },
]

[[package]]
name = "freeze-core"
version = "0.5.0"
source = { registry = "https://pypi.org/simple" }
dependencies = [
    { name = "cabarchive", marker = "sys_platform == 'win32'" },
    { name = "filelock" },
    { name = "striprtf", marker = "sys_platform == 'win32'" },
]
sdist = { url = "https://files.pythonhosted.org/packages/6d/00/3475df084f01a4118bd59d572edcf7280720301da232045883b42c6556ec/freeze_core-0.5.0.tar.gz", hash = "sha256:6178c3e40cda56b41187452cfd60347c343db067a4f6a157196e634050a5fe57", size = 1636109, upload-time = "2026-01-12T01:37:52.318Z" }
wheels = [
    { url = "https://files.pythonhosted.org/packages/05/a5/28f9d37204e71ff8ac5090b28afdbcbec06461d6178fba6d9301c691c174/freeze_core-0.5.0-cp314-cp314-macosx_10_15_universal2.whl", hash = "sha256:99b09188be89186e1666c7cf22a46e43c9eebedf2098f17f3b53e8a5c3e93966", size = 22482428, upload-time = "2026-01-12T01:37:15.038Z" },
    { url = "https://files.pythonhosted.org/packages/67/ef/e4cd18971a3ce9930911fba104142c00840ab081e7a8feaf9a1a46225d86/freeze_core-0.5.0-cp314-cp314-manylinux_2_28_aarch64.whl", hash = "sha256:8122dd9434b62aa8883194c754861117d61321c08af386fc581d17ac74fecbbe", size = 12432461, upload-time = "2026-01-12T01:37:17.357Z" },
    { url = "https://files.pythonhosted.org/packages/f6/b2/3f391acd1b903029b037c027403fd125eb560f56e69fd86678855edeff48/freeze_core-0.5.0-cp314-cp314-manylinux_2_28_ppc64le.whl", hash = "sha256:a0969a6a74d15dbcee638f9adea07dc18e0027d917a70f12cd550459a330ade0", size = 13401223, upload-time = "2026-01-12T01:37:19.854Z" },
    { url = "https://files.pythonhosted.org/packages/89/44/3dd7ab37455e40995ca187757a1fc78c658df66882f61706e8fec805c4d2/freeze_core-0.5.0-cp314-cp314-manylinux_2_28_x86_64.whl", hash = "sha256:d70d04d4036d9902dcb2532a3e36ede601bd6b35f71176981d512f315c9a0bb7", size = 12643266, upload-time = "2026-01-12T01:37:22.411Z" },
    { url = "https://files.pythonhosted.org/packages/fc/28/3857b479c66ecc6637383fc17f453cd18465f380fda760272ccdd30156b3/freeze_core-0.5.0-cp314-cp314-musllinux_1_2_aarch64.whl", hash = "sha256:fed09e4484fcf8744543d2d177a4fa6493b6cddab9204f95eaeb82d41c372b7e", size = 13564258, upload-time = "2026-01-12T01:37:24.853Z" },
    { url = "https://files.pythonhosted.org/packages/9b/28/aaa4dfd63f0d73ffa2880d036fc77f39497fbee51ab7c9baf4ffc283ad4f/freeze_core-0.5.0-cp314-cp314-musllinux_1_2_x86_64.whl", hash = "sha256:c68f2250ec5fca04852d1bf86e28d40261f4ecaaaddc752c7644958895e1909c", size = 13514816, upload-time = "2026-01-12T01:37:27.091Z" },
    { url = "https://files.pythonhosted.org/packages/b5/de/bcd54a75f3f5bd24deb000204162551bbee69803dc33698e75921190cc56/freeze_core-0.5.0-cp314-cp314-win32.whl", hash = "sha256:1c7ef797fa89e7de097cc04ff50267ab207fc099cc196149bc044439f8c3eb48", size = 1693100, upload-time = "2026-01-12T01:37:29.096Z" },
    { url = "https://files.pythonhosted.org/packages/94/7a/9ba78278cd709ea4b55426d328522a6b4cbf5be612f08188e764bb8098a6/freeze_core-0.5.0-cp314-cp314-win_amd64.whl", hash = "sha256:9245d64714b8b269e5f8eb583038f6c5f50126a65a298098bec03fa16054a56b", size = 1695759, upload-time = "2026-01-12T01:37:30.553Z" },
    { url = "https://files.pythonhosted.org/packages/64/a8/84de118f6da38f3e3bc6888115ad613403208a8bc90db89f53633ca0d338/freeze_core-0.5.0-cp314-cp314-win_arm64.whl", hash = "sha256:51c3918177241f5046cff9ce832acb931b16b453a2bbfe29e6c2fe979c8ec176", size = 1689168, upload-time = "2026-01-12T01:37:32.232Z" },
    { url = "https://files.pythonhosted.org/packages/6d/be/2bf5a348c1732080381fe92c120eb70285171aa44d3ec7bb20a6f3e6878d/freeze_core-0.5.0-cp314-cp314t-macosx_10_15_universal2.whl", hash = "sha256:377e68b6f20867bd8547ca3a9073941231ec3fd2ee2d1649a744360711925dcf", size = 22760985, upload-time = "2026-01-12T01:37:33.999Z" },
    { url = "https://files.pythonhosted.org/packages/63/ef/a5e0b4577d149fa816e9273f49a2322e0d3a33eaa69b39b611841efc0317/freeze_core-0.5.0-cp314-cp314t-manylinux_2_28_aarch64.whl", hash = "sha256:3e913aa1e5c5f9fbdbd9b9bf613e0083d185e587ab23690f8207fc3bb586d2a2", size = 12695692, upload-time = "2026-01-12T01:37:36.362Z" },
    { url = "https://files.pythonhosted.org/packages/f1/f5/52c07146e260d96c19b745662ae623e55d7c7c054bf93441a8faf732260d/freeze_core-0.5.0-cp314-cp314t-manylinux_2_28_ppc64le.whl", hash = "sha256:833b18cabe4f405702607220a2b429a36e3979e52c9be768307dcb7fbc60fc4f", size = 13593912, upload-time = "2026-01-12T01:37:38.694Z" },
    { url = "https://files.pythonhosted.org/packages/55/6d/03ef6ee8f57d9f75478f50537dcf1816324d9323cd82ed9d72b700d1294c/freeze_core-0.5.0-cp314-cp314t-manylinux_2_28_x86_64.whl", hash = "sha256:38011b6cd234cb419cecfd2934b6907739ddeaaabb570d9ffa36812a366f05fb", size = 12878134, upload-time = "2026-01-12T01:37:40.868Z" },
    { url = "https://files.pythonhosted.org/packages/53/0d/a7fd2a96636598a84d54d3f1ee3793ad70f08527aada79cd2dbd523f8130/freeze_core-0.5.0-cp314-cp314t-musllinux_1_2_aarch64.whl", hash = "sha256:0a390702f0a5dc48139ce361cf24b8349df2441255ccc4a6263bf9dc2d387d6d", size = 13769049, upload-time = "2026-01-12T01:37:42.967Z" },
    { url = "https://files.pythonhosted.org/packages/f3/f9/baebb0ede32414fa5606eaef39791de41494f3091f35d42b5be8b6841025/freeze_core-0.5.0-cp314-cp314t-musllinux_1_2_x86_64.whl", hash = "sha256:d0b9705a6d967c70475bfedf16ea6dca6d1909f31ea6e0c1c0798369c9001ee5", size = 13701637, upload-time = "2026-01-12T01:37:45.257Z" },
    { url = "https://files.pythonhosted.org/packages/7c/95/a54d2975964841585dd5296fa8c2b5eaa297f534f0693a08a29c8e531d83/freeze_core-0.5.0-cp314-cp314t-win32.whl", hash = "sha256:ea290461ceab8bb4d6954183ab3aa7ee92098e254e3167a7a1e3d88bf603c9ca", size = 1694387, upload-time = "2026-01-12T01:37:47.124Z" },
    { url = "https://files.pythonhosted.org/packages/33/47/61f174fe79735dc4790ed3b402cd4ab20d730f21a6133a29934b218344b4/freeze_core-0.5.0-cp314-cp314t-win_amd64.whl", hash = "sha256:17dc8cadac946bb7de8632d7009aa76d9612d2ee9cc056406a02be491be418f3", size = 1697211, upload-time = "2026-01-12T01:37:48.843Z" },
    { url = "https://files.pythonhosted.org/packages/e8/a8/1904424cbd63d7ca9f51eda087a976a5409c7f0761e8128c167fdaf9e755/freeze_core-0.5.0-cp314-cp314t-win_arm64.whl", hash = "sha256:9e0ddf52dadab75881bca159bfe3876c8cc7e3727ee098da918dfbc4920970b2", size = 1690216, upload-time = "2026-01-12T01:37:50.36Z" },
]

[[package]]
name = "instagiffer"
version = "1.8.2"
source = { editable = "." }
dependencies = [
    { name = "pillow" },
    { name = "pywin32", marker = "sys_platform == 'win32'" },
    { name = "tk" },
]

[package.optional-dependencies]
dev = [
    { name = "cx-freeze" },
]

[package.dev-dependencies]
dev = [
    { name = "cx-freeze" },
]

[package.metadata]
requires-dist = [
    { name = "cx-freeze", marker = "extra == 'dev'", specifier = ">=8.5.3" },
    { name = "pillow", specifier = ">=12.1.0" },
    { name = "pywin32", marker = "sys_platform == 'win32'", specifier = ">=311" },
    { name = "tk", specifier = ">=0.1.0" },
]
provides-extras = ["dev"]

[package.metadata.requires-dev]
dev = [{ name = "cx-freeze" }]

[[package]]
name = "lief"
version = "0.17.1"
source = { registry = "https://pypi.org/simple" }
wheels = [
    { url = "https://files.pythonhosted.org/packages/8f/e5/a5452e109c6a55deaa73a49c34130980d99debabe3f37b8d86b67b2fb382/lief-0.17.1-cp314-cp314-win32.whl", hash = "sha256:f610d5937df9de86962733673f1a2b5255931c50b004e614728e83cbb0620057", size = 3459541, upload-time = "2025-10-25T13:15:54.877Z" },
    { url = "https://files.pythonhosted.org/packages/7f/d0/b4c959a340dd391df1f6b4c2958920f9272bc45b6b45f8af657b9377e09b/lief-0.17.1-cp314-cp314-win_amd64.whl", hash = "sha256:3dadb33cad8cf01d78a5eb12fb660ed1a06619f0baade38b606fd151e87436e2", size = 3637731, upload-time = "2025-10-25T13:15:56.644Z" },
]

[[package]]
name = "mac-alias"
version = "2.2.3"
source = { registry = "https://pypi.org/simple" }
sdist = { url = "https://files.pythonhosted.org/packages/fb/c9/2c28b2ea968a6bbc4327c0360b746fda3757cb11cf287d00078cf81a27e2/mac_alias-2.2.3.tar.gz", hash = "sha256:1c7fa367687d66979f2ce4d1a8b2716cf1c9fb811741cab3cf3ca356555c2beb", size = 33860, upload-time = "2025-12-04T00:58:13.679Z" }
wheels = [
    { url = "https://files.pythonhosted.org/packages/13/20/103f4e4a6e8a524ea92eee7d938c6133d0b129aa999a50f8648ad126c728/mac_alias-2.2.3-py3-none-any.whl", hash = "sha256:7362b521d2132ef92f606a37abfed5fcd849ceb2f28b6f9743e014b02af92f0d", size = 21127, upload-time = "2025-12-04T00:58:11.931Z" },
]

[[package]]
name = "packaging"
version = "26.0"
source = { registry = "https://pypi.org/simple" }
sdist = { url = "https://files.pythonhosted.org/packages/65/ee/299d360cdc32edc7d2cf530f3accf79c4fca01e96ffc950d8a52213bd8e4/packaging-26.0.tar.gz", hash = "sha256:00243ae351a257117b6a241061796684b084ed1c516a08c48a3f7e147a9d80b4", size = 143416, upload-time = "2026-01-21T20:50:39.064Z" }
wheels = [
    { url = "https://files.pythonhosted.org/packages/b7/b9/c538f279a4e237a006a2c98387d081e9eb060d203d8ed34467cc0f0b9b53/packaging-26.0-py3-none-any.whl", hash = "sha256:b36f1fef9334a5588b4166f8bcd26a14e521f2b55e6b9de3aaa80d3ff7a37529", size = 74366, upload-time = "2026-01-21T20:50:37.788Z" },
]

[[package]]
name = "patchelf"
version = "0.17.2.4"
source = { registry = "https://pypi.org/simple" }
sdist = { url = "https://files.pythonhosted.org/packages/2c/a3/fdd3fa938c864aa2f11dd0b7f08befeda983d2dcdee44da493c6977a653f/patchelf-0.17.2.4.tar.gz", hash = "sha256:970ee5cd8af33e5ea2099510b2f9013fa1b8d5cd763bf3fd3961281c18101a09", size = 149629, upload-time = "2025-07-23T21:16:32.071Z" }
wheels = [
    { url = "https://files.pythonhosted.org/packages/0b/6d/2e9f5483cdb352fab36b8076667b062b2d79cb09d2e3fd09b6fca5771cb6/patchelf-0.17.2.4-py3-none-manylinux1_i686.manylinux_2_5_i686.musllinux_1_1_i686.whl", hash = "sha256:09fd848d625a165fc7b7e07745508c24077129b019c4415a882938781d43adf8", size = 547318, upload-time = "2025-07-23T21:16:22.135Z" },
    { url = "https://files.pythonhosted.org/packages/7e/19/f7821ef31aab01fa7dc8ebe697ece88ec4f7a0fdd3155dab2dfee4b00e5c/patchelf-0.17.2.4-py3-none-manylinux1_x86_64.manylinux_2_5_x86_64.musllinux_1_1_x86_64.whl", hash = "sha256:d9b35ebfada70c02679ad036407d9724ffe1255122ba4ac5e4be5868618a5689", size = 482846, upload-time = "2025-07-23T21:16:23.73Z" },
    { url = "https://files.pythonhosted.org/packages/d1/50/107fea848ecfd851d473b079cab79107487d72c4c3cdb25b9d2603a24ca2/patchelf-0.17.2.4-py3-none-manylinux2014_aarch64.manylinux_2_17_aarch64.musllinux_1_1_aarch64.whl", hash = "sha256:2931a1b5b85f3549661898af7bf746afbda7903c7c9a967cfc998a3563f84fad", size = 477811, upload-time = "2025-07-23T21:16:25.145Z" },
    { url = "https://files.pythonhosted.org/packages/89/a9/a9a2103e159fd65bffbc21ecc5c8c36e44eb34fe53b4ef85fb6d08c2a635/patchelf-0.17.2.4-py3-none-manylinux2014_armv7l.manylinux_2_17_armv7l.musllinux_1_1_armv7l.whl", hash = "sha256:ae44cb3c857d50f54b99e5697aa978726ada33a8a6129d4b8b7ffd28b996652d", size = 431226, upload-time = "2025-07-23T21:16:26.765Z" },
    { url = "https://files.pythonhosted.org/packages/87/93/897d612f6df7cfd987bdf668425127efeff8d8e4ad8bfbab1c69d2a0d861/patchelf-0.17.2.4-py3-none-manylinux2014_ppc64le.manylinux_2_17_ppc64le.musllinux_1_1_ppc64le.whl", hash = "sha256:680a266a70f60a7a4f4c448482c5bdba80cc8e6bb155a49dcc24238ba49927b0", size = 540276, upload-time = "2025-07-23T21:16:27.983Z" },
    { url = "https://files.pythonhosted.org/packages/5d/b8/2b92d11533482bac9ee989081d6880845287751b5f528adbd6bb27667fbd/patchelf-0.17.2.4-py3-none-manylinux2014_s390x.manylinux_2_17_s390x.musllinux_1_1_s390x.whl", hash = "sha256:d842b51f0401460f3b1f3a3a67d2c266a8f515a5adfbfa6e7b656cb3ac2ed8bc", size = 596632, upload-time = "2025-07-23T21:16:29.253Z" },
]

[[package]]
name = "pillow"
version = "12.1.0"
source = { registry = "https://pypi.org/simple" }
sdist = { url = "https://files.pythonhosted.org/packages/d0/02/d52c733a2452ef1ffcc123b68e6606d07276b0e358db70eabad7e40042b7/pillow-12.1.0.tar.gz", hash = "sha256:5c5ae0a06e9ea030ab786b0251b32c7e4ce10e58d983c0d5c56029455180b5b9", size = 46977283, upload-time = "2026-01-02T09:13:29.892Z" }
wheels = [
    { url = "https://files.pythonhosted.org/packages/8c/87/bdf971d8bbcf80a348cc3bacfcb239f5882100fe80534b0ce67a784181d8/pillow-12.1.0-cp314-cp314-ios_13_0_arm64_iphoneos.whl", hash = "sha256:5cb7bc1966d031aec37ddb9dcf15c2da5b2e9f7cc3ca7c54473a20a927e1eb91", size = 4062533, upload-time = "2026-01-02T09:12:20.791Z" },
    { url = "https://files.pythonhosted.org/packages/ff/4f/5eb37a681c68d605eb7034c004875c81f86ec9ef51f5be4a63eadd58859a/pillow-12.1.0-cp314-cp314-ios_13_0_arm64_iphonesimulator.whl", hash = "sha256:97e9993d5ed946aba26baf9c1e8cf18adbab584b99f452ee72f7ee8acb882796", size = 4138546, upload-time = "2026-01-02T09:12:23.664Z" },
    { url = "https://files.pythonhosted.org/packages/11/6d/19a95acb2edbace40dcd582d077b991646b7083c41b98da4ed7555b59733/pillow-12.1.0-cp314-cp314-ios_13_0_x86_64_iphonesimulator.whl", hash = "sha256:414b9a78e14ffeb98128863314e62c3f24b8a86081066625700b7985b3f529bd", size = 3601163, upload-time = "2026-01-02T09:12:26.338Z" },
    { url = "https://files.pythonhosted.org/packages/fc/36/2b8138e51cb42e4cc39c3297713455548be855a50558c3ac2beebdc251dd/pillow-12.1.0-cp314-cp314-macosx_10_15_x86_64.whl", hash = "sha256:e6bdb408f7c9dd2a5ff2b14a3b0bb6d4deb29fb9961e6eb3ae2031ae9a5cec13", size = 5266086, upload-time = "2026-01-02T09:12:28.782Z" },
    { url = "https://files.pythonhosted.org/packages/53/4b/649056e4d22e1caa90816bf99cef0884aed607ed38075bd75f091a607a38/pillow-12.1.0-cp314-cp314-macosx_11_0_arm64.whl", hash = "sha256:3413c2ae377550f5487991d444428f1a8ae92784aac79caa8b1e3b89b175f77e", size = 4657344, upload-time = "2026-01-02T09:12:31.117Z" },
    { url = "https://files.pythonhosted.org/packages/6c/6b/c5742cea0f1ade0cd61485dc3d81f05261fc2276f537fbdc00802de56779/pillow-12.1.0-cp314-cp314-manylinux2014_aarch64.manylinux_2_17_aarch64.whl", hash = "sha256:e5dcbe95016e88437ecf33544ba5db21ef1b8dd6e1b434a2cb2a3d605299e643", size = 6232114, upload-time = "2026-01-02T09:12:32.936Z" },
    { url = "https://files.pythonhosted.org/packages/bf/8f/9f521268ce22d63991601aafd3d48d5ff7280a246a1ef62d626d67b44064/pillow-12.1.0-cp314-cp314-manylinux2014_x86_64.manylinux_2_17_x86_64.whl", hash = "sha256:d0a7735df32ccbcc98b98a1ac785cc4b19b580be1bdf0aeb5c03223220ea09d5", size = 8042708, upload-time = "2026-01-02T09:12:34.78Z" },
    { url = "https://files.pythonhosted.org/packages/1a/eb/257f38542893f021502a1bbe0c2e883c90b5cff26cc33b1584a841a06d30/pillow-12.1.0-cp314-cp314-manylinux_2_27_aarch64.manylinux_2_28_aarch64.whl", hash = "sha256:0c27407a2d1b96774cbc4a7594129cc027339fd800cd081e44497722ea1179de", size = 6347762, upload-time = "2026-01-02T09:12:36.748Z" },
    { url = "https://files.pythonhosted.org/packages/c4/5a/8ba375025701c09b309e8d5163c5a4ce0102fa86bbf8800eb0d7ac87bc51/pillow-12.1.0-cp314-cp314-manylinux_2_27_x86_64.manylinux_2_28_x86_64.whl", hash = "sha256:15c794d74303828eaa957ff8070846d0efe8c630901a1c753fdc63850e19ecd9", size = 7039265, upload-time = "2026-01-02T09:12:39.082Z" },
    { url = "https://files.pythonhosted.org/packages/cf/dc/cf5e4cdb3db533f539e88a7bbf9f190c64ab8a08a9bc7a4ccf55067872e4/pillow-12.1.0-cp314-cp314-musllinux_1_2_aarch64.whl", hash = "sha256:c990547452ee2800d8506c4150280757f88532f3de2a58e3022e9b179107862a", size = 6462341, upload-time = "2026-01-02T09:12:40.946Z" },
    { url = "https://files.pythonhosted.org/packages/d0/47/0291a25ac9550677e22eda48510cfc4fa4b2ef0396448b7fbdc0a6946309/pillow-12.1.0-cp314-cp314-musllinux_1_2_x86_64.whl", hash = "sha256:b63e13dd27da389ed9475b3d28510f0f954bca0041e8e551b2a4eb1eab56a39a", size = 7165395, upload-time = "2026-01-02T09:12:42.706Z" },
    { url = "https://files.pythonhosted.org/packages/4f/4c/e005a59393ec4d9416be06e6b45820403bb946a778e39ecec62f5b2b991e/pillow-12.1.0-cp314-cp314-win32.whl", hash = "sha256:1a949604f73eb07a8adab38c4fe50791f9919344398bdc8ac6b307f755fc7030", size = 6431413, upload-time = "2026-01-02T09:12:44.944Z" },
    { url = "https://files.pythonhosted.org/packages/1c/af/f23697f587ac5f9095d67e31b81c95c0249cd461a9798a061ed6709b09b5/pillow-12.1.0-cp314-cp314-win_amd64.whl", hash = "sha256:4f9f6a650743f0ddee5593ac9e954ba1bdbc5e150bc066586d4f26127853ab94", size = 7176779, upload-time = "2026-01-02T09:12:46.727Z" },
    { url = "https://files.pythonhosted.org/packages/b3/36/6a51abf8599232f3e9afbd16d52829376a68909fe14efe29084445db4b73/pillow-12.1.0-cp314-cp314-win_arm64.whl", hash = "sha256:808b99604f7873c800c4840f55ff389936ef1948e4e87645eaf3fccbc8477ac4", size = 2543105, upload-time = "2026-01-02T09:12:49.243Z" },
    { url = "https://files.pythonhosted.org/packages/82/54/2e1dd20c8749ff225080d6ba465a0cab4387f5db0d1c5fb1439e2d99923f/pillow-12.1.0-cp314-cp314t-macosx_10_15_x86_64.whl", hash = "sha256:bc11908616c8a283cf7d664f77411a5ed2a02009b0097ff8abbba5e79128ccf2", size = 5268571, upload-time = "2026-01-02T09:12:51.11Z" },
    { url = "https://files.pythonhosted.org/packages/57/61/571163a5ef86ec0cf30d265ac2a70ae6fc9e28413d1dc94fa37fae6bda89/pillow-12.1.0-cp314-cp314t-macosx_11_0_arm64.whl", hash = "sha256:896866d2d436563fa2a43a9d72f417874f16b5545955c54a64941e87c1376c61", size = 4660426, upload-time = "2026-01-02T09:12:52.865Z" },
    { url = "https://files.pythonhosted.org/packages/5e/e1/53ee5163f794aef1bf84243f755ee6897a92c708505350dd1923f4afec48/pillow-12.1.0-cp314-cp314t-manylinux2014_aarch64.manylinux_2_17_aarch64.whl", hash = "sha256:8e178e3e99d3c0ea8fc64b88447f7cac8ccf058af422a6cedc690d0eadd98c51", size = 6269908, upload-time = "2026-01-02T09:12:54.884Z" },
    { url = "https://files.pythonhosted.org/packages/bc/0b/b4b4106ff0ee1afa1dc599fde6ab230417f800279745124f6c50bcffed8e/pillow-12.1.0-cp314-cp314t-manylinux2014_x86_64.manylinux_2_17_x86_64.whl", hash = "sha256:079af2fb0c599c2ec144ba2c02766d1b55498e373b3ac64687e43849fbbef5bc", size = 8074733, upload-time = "2026-01-02T09:12:56.802Z" },
    { url = "https://files.pythonhosted.org/packages/19/9f/80b411cbac4a732439e629a26ad3ef11907a8c7fc5377b7602f04f6fe4e7/pillow-12.1.0-cp314-cp314t-manylinux_2_27_aarch64.manylinux_2_28_aarch64.whl", hash = "sha256:bdec5e43377761c5dbca620efb69a77f6855c5a379e32ac5b158f54c84212b14", size = 6381431, upload-time = "2026-01-02T09:12:58.823Z" },
    { url = "https://files.pythonhosted.org/packages/8f/b7/d65c45db463b66ecb6abc17c6ba6917a911202a07662247e1355ce1789e7/pillow-12.1.0-cp314-cp314t-manylinux_2_27_x86_64.manylinux_2_28_x86_64.whl", hash = "sha256:565c986f4b45c020f5421a4cea13ef294dde9509a8577f29b2fc5edc7587fff8", size = 7068529, upload-time = "2026-01-02T09:13:00.885Z" },
    { url = "https://files.pythonhosted.org/packages/50/96/dfd4cd726b4a45ae6e3c669fc9e49deb2241312605d33aba50499e9d9bd1/pillow-12.1.0-cp314-cp314t-musllinux_1_2_aarch64.whl", hash = "sha256:43aca0a55ce1eefc0aefa6253661cb54571857b1a7b2964bd8a1e3ef4b729924", size = 6492981, upload-time = "2026-01-02T09:13:03.314Z" },
    { url = "https://files.pythonhosted.org/packages/4d/1c/b5dc52cf713ae46033359c5ca920444f18a6359ce1020dd3e9c553ea5bc6/pillow-12.1.0-cp314-cp314t-musllinux_1_2_x86_64.whl", hash = "sha256:0deedf2ea233722476b3a81e8cdfbad786f7adbed5d848469fa59fe52396e4ef", size = 7191878, upload-time = "2026-01-02T09:13:05.276Z" },
    { url = "https://files.pythonhosted.org/packages/53/26/c4188248bd5edaf543864fe4834aebe9c9cb4968b6f573ce014cc42d0720/pillow-12.1.0-cp314-cp314t-win32.whl", hash = "sha256:b17fbdbe01c196e7e159aacb889e091f28e61020a8abeac07b68079b6e626988", size = 6438703, upload-time = "2026-01-02T09:13:07.491Z" },
    { url = "https://files.pythonhosted.org/packages/b8/0e/69ed296de8ea05cb03ee139cee600f424ca166e632567b2d66727f08c7ed/pillow-12.1.0-cp314-cp314t-win_amd64.whl", hash = "sha256:27b9baecb428899db6c0de572d6d305cfaf38ca1596b5c0542a5182e3e74e8c6", size = 7182927, upload-time = "2026-01-02T09:13:09.841Z" },
    { url = "https://files.pythonhosted.org/packages/fc/f5/68334c015eed9b5cff77814258717dec591ded209ab5b6fb70e2ae873d1d/pillow-12.1.0-cp314-cp314t-win_arm64.whl", hash = "sha256:f61333d817698bdcdd0f9d7793e365ac3d2a21c1f1eb02b32ad6aefb8d8ea831", size = 2545104, upload-time = "2026-01-02T09:13:12.068Z" },
]

[[package]]
name = "python-msilib"
version = "0.5.0"
source = { registry = "https://pypi.org/simple" }
sdist = { url = "https://files.pythonhosted.org/packages/34/aa/73c522e9d202f4d6c90208ebfcd4ad5f7eaf4afb1cb6d077637e9a125b2b/python_msilib-0.5.0.tar.gz", hash = "sha256:5d9d0c2af2cafbc50d484cce4cfab1cb8cfd65d705d7111d216bc525a059113b", size = 60154, upload-time = "2025-12-07T08:19:56.655Z" }
wheels = [
    { url = "https://files.pythonhosted.org/packages/42/93/9231c2d3d3df8254dc5922ea644a2a4d67ac486952c1682d3cee37765210/python_msilib-0.5.0-cp314-cp314-win32.whl", hash = "sha256:e5023ab8da04a13769d1054e64415c02c198d442ce0f7cd9637204341d997379", size = 68755, upload-time = "2025-12-07T08:19:49.82Z" },
    { url = "https://files.pythonhosted.org/packages/bd/a2/5d70a6c7aa9a074146f5a95129f551c571ace1ca051799f8b04f754a91a9/python_msilib-0.5.0-cp314-cp314-win_amd64.whl", hash = "sha256:24cd942d097bafc97018698e1e66652143529eecaf8b8df55a624d580d81df7c", size = 70046, upload-time = "2025-12-07T08:19:50.813Z" },
    { url = "https://files.pythonhosted.org/packages/85/d6/b33a05a210c1ada10df4d78dde0465f8c5f53f80a3ebd05376abb137779b/python_msilib-0.5.0-cp314-cp314-win_arm64.whl", hash = "sha256:f9da5045835d0de30b1087ff6fd6e0b6d076e248cd26405c0d399d8649ef9684", size = 68455, upload-time = "2025-12-07T08:19:51.773Z" },
    { url = "https://files.pythonhosted.org/packages/11/a9/6256d071552fade284a37469b7ccc2b79b7a1291ec7108409b3c77e461f6/python_msilib-0.5.0-cp314-cp314t-win32.whl", hash = "sha256:821a164e72d77786d9e6d7cd28c060e6668665632a29f2c76abac85651f05f11", size = 68950, upload-time = "2025-12-07T08:19:52.756Z" },
    { url = "https://files.pythonhosted.org/packages/44/eb/50d9075e5cf2b271ad81f555fb1b39cfe3c28b4a8ee8f28a72e56b990158/python_msilib-0.5.0-cp314-cp314t-win_amd64.whl", hash = "sha256:3fafe94d66f00bd3b26159b7ff43078421738288af5212744a1cb4a1cea52bc8", size = 70269, upload-time = "2025-12-07T08:19:53.937Z" },
    { url = "https://files.pythonhosted.org/packages/97/c9/799e1e49c887f2414697118290bed0836506998437cb7badbc1477051973/python_msilib-0.5.0-cp314-cp314t-win_arm64.whl", hash = "sha256:1c0b7a595dd457f7df5bd102c4c5abe5337ba0362aab2ece31bea29e6e7d9f2d", size = 68668, upload-time = "2025-12-07T08:19:55.355Z" },
]

[[package]]
name = "pywin32"
version = "311"
source = { registry = "https://pypi.org/simple" }
wheels = [
    { url = "https://files.pythonhosted.org/packages/c9/31/097f2e132c4f16d99a22bfb777e0fd88bd8e1c634304e102f313af69ace5/pywin32-311-cp314-cp314-win32.whl", hash = "sha256:b7a2c10b93f8986666d0c803ee19b5990885872a7de910fc460f9b0c2fbf92ee", size = 8840714, upload-time = "2025-07-14T20:13:32.449Z" },
    { url = "https://files.pythonhosted.org/packages/90/4b/07c77d8ba0e01349358082713400435347df8426208171ce297da32c313d/pywin32-311-cp314-cp314-win_amd64.whl", hash = "sha256:3aca44c046bd2ed8c90de9cb8427f581c479e594e99b5c0bb19b29c10fd6cb87", size = 9656800, upload-time = "2025-07-14T20:13:34.312Z" },
    { url = "https://files.pythonhosted.org/packages/c0/d2/21af5c535501a7233e734b8af901574572da66fcc254cb35d0609c9080dd/pywin32-311-cp314-cp314-win_arm64.whl", hash = "sha256:a508e2d9025764a8270f93111a970e1d0fbfc33f4153b388bb649b7eec4f9b42", size = 8932540, upload-time = "2025-07-14T20:13:36.379Z" },
]

[[package]]
name = "setuptools"
version = "80.10.2"
source = { registry = "https://pypi.org/simple" }
sdist = { url = "https://files.pythonhosted.org/packages/76/95/faf61eb8363f26aa7e1d762267a8d602a1b26d4f3a1e758e92cb3cb8b054/setuptools-80.10.2.tar.gz", hash = "sha256:8b0e9d10c784bf7d262c4e5ec5d4ec94127ce206e8738f29a437945fbc219b70", size = 1200343, upload-time = "2026-01-25T22:38:17.252Z" }
wheels = [
    { url = "https://files.pythonhosted.org/packages/94/b8/f1f62a5e3c0ad2ff1d189590bfa4c46b4f3b6e49cef6f26c6ee4e575394d/setuptools-80.10.2-py3-none-any.whl", hash = "sha256:95b30ddfb717250edb492926c92b5221f7ef3fbcc2b07579bcd4a27da21d0173", size = 1064234, upload-time = "2026-01-25T22:38:15.216Z" },
]

[[package]]
name = "striprtf"
version = "0.0.29"
source = { registry = "https://pypi.org/simple" }
sdist = { url = "https://files.pythonhosted.org/packages/f3/86/7154b7c625a3ff704581dab70c05389e1de90233b7a751f79f712c2ca0e9/striprtf-0.0.29.tar.gz", hash = "sha256:5a822d075e17417934ed3add6fc79b5fc8fb544fe4370b2f894cdd28f0ddd78e", size = 7533, upload-time = "2025-03-27T22:55:56.874Z" }
wheels = [
    { url = "https://files.pythonhosted.org/packages/08/3e/1418afacc4aae04690cff282078f22620c89a99490499878ececc3021654/striprtf-0.0.29-py3-none-any.whl", hash = "sha256:0fc6a41999d015358d19627776b616424dd501ad698105c81d76734d1e14d91b", size = 7879, upload-time = "2025-03-27T22:55:55.977Z" },
]

[[package]]
name = "tk"
version = "0.1.0"
source = { registry = "https://pypi.org/simple" }
sdist = { url = "https://files.pythonhosted.org/packages/a0/81/742b342fd642e672fbedecde725ba44db44e800dc4c936216c3c6729885a/tk-0.1.0.tar.gz", hash = "sha256:60bc8923d5d35f67f5c6bd93d4f0c49d2048114ec077768f959aef36d4ed97f8", size = 2247, upload-time = "2019-07-08T06:51:58.051Z" }
wheels = [
    { url = "https://files.pythonhosted.org/packages/1e/0b/029cbdb868bb555fed99bf6540fff072d500b3f895873709f25084e85e33/tk-0.1.0-py3-none-any.whl", hash = "sha256:703a69ff0d5ba2bd2f7440582ad10160e4a6561595d33457dc6caa79b9bf4930", size = 3879, upload-time = "2019-07-08T06:51:55.175Z" },
]
